<?xml version="1.0" encoding="utf-8"?>
<Project ToolsVersion="4.0" xmlns="http://schemas.microsoft.com/developer/msbuild/2003">
  <ItemGroup>
    <Filter Include="Main Files">
      <UniqueIdentifier>{BF587D8F-02FB-406b-ADCF-30D785CC0947}</UniqueIdentifier>
      <Extensions>cpp;c;cc;cxx;def;odl;idl;hpj;bat;asm;asmx</Extensions>
    </Filter>
    <Filter Include="Utils">
      <UniqueIdentifier>{d32b43ee-4cb4-4f2e-99fb-6b43073567e4}</UniqueIdentifier>
    </Filter>
    <Filter Include="Server Objects">
      <UniqueIdentifier>{6c96c86a-404a-42ec-b37a-011de95382e5}</UniqueIdentifier>
    </Filter>
  </ItemGroup>
  <ItemGroup>
    <MASM_x64 Include="GlobalFunctions.asm">
      <Filter>Main Files</Filter>
    </MASM_x64>
  </ItemGroup>
  <ItemGroup>
    <ClCompile Include="stdafx.cpp">
      <Filter>Main Files</Filter>
    </ClCompile>
    <ClCompile Include="..\Shared\Utils.cpp">
      <Filter>Utils</Filter>
    </ClCompile>
    <ClCompile Include="CLog.cpp">
      <Filter>Server Objects</Filter>
    </ClCompile>
  </ItemGroup>
  <ItemGroup>
    <ClInclude Include="stdafx.h">
      <Filter>Main Files</Filter>
    </ClInclude>
    <ClInclude Include="..\Shared\Enumerations.h">
      <Filter>Utils</Filter>
    </ClInclude>
    <ClInclude Include="..\Shared\Global.h">
      <Filter>Utils</Filter>
    </ClInclude>
    <ClInclude Include="..\Shared\Structures.h">
      <Filter>Utils</Filter>
    </ClInclude>
    <ClInclude Include="..\Shared\Utils.h">
      <Filter>Utils</Filter>
    </ClInclude>
    <ClInclude Include="CLog.h">
      <Filter>Server Objects</Filter>
    </ClInclude>
  </ItemGroup>
</Project>