<?xml version="1.0" encoding="utf-8"?>
<Project ToolsVersion="4.0" xmlns="http://schemas.microsoft.com/developer/msbuild/2003">
  <ItemGroup>
    <Filter Include="Main Files">
      <UniqueIdentifier>{8710B99E-A106-4b60-AB42-51D18AB70F8A}</UniqueIdentifier>
      <Extensions>cpp;c;cc;cxx;def;odl;idl;hpj;bat;asm;asmx</Extensions>
    </Filter>
    <Filter Include="Utils">
      <UniqueIdentifier>{85f6fd5d-543a-4765-9a23-1a42a56fc147}</UniqueIdentifier>
    </Filter>
    <Filter Include="Server Objects">
      <UniqueIdentifier>{9a8b22b9-87a7-4a05-bf51-eb5ff593b82f}</UniqueIdentifier>
    </Filter>
  </ItemGroup>
  <ItemGroup>
    <ClCompile Include="Config.cpp">
      <Filter>Main Files</Filter>
    </ClCompile>
    <ClCompile Include="OSIEGFS.cpp">
      <Filter>Main Files</Filter>
    </ClCompile>
    <ClCompile Include="stdafx.cpp">
      <Filter>Main Files</Filter>
    </ClCompile>
    <ClCompile Include="..\Shared\Utils.cpp">
      <Filter>Utils</Filter>
    </ClCompile>
    <ClCompile Include="CCreature.cpp">
      <Filter>Server Objects</Filter>
    </ClCompile>
    <ClCompile Include="CHTMLCache.cpp">
      <Filter>Server Objects</Filter>
    </ClCompile>
    <ClCompile Include="CHTMLCacheManager.cpp">
      <Filter>Server Objects</Filter>
    </ClCompile>
    <ClCompile Include="CIOCriticalSection.cpp">
      <Filter>Server Objects</Filter>
    </ClCompile>
    <ClCompile Include="CIOObject.cpp">
      <Filter>Server Objects</Filter>
    </ClCompile>
    <ClCompile Include="CIOSocket.cpp">
      <Filter>Server Objects</Filter>
    </ClCompile>
    <ClCompile Include="CIOSocket8.cpp">
      <Filter>Server Objects</Filter>
    </ClCompile>
    <ClCompile Include="CLog.cpp">
      <Filter>Server Objects</Filter>
    </ClCompile>
    <ClCompile Include="CMemoryObject.cpp">
      <Filter>Server Objects</Filter>
    </ClCompile>
    <ClCompile Include="CObject.cpp">
      <Filter>Server Objects</Filter>
    </ClCompile>
    <ClCompile Include="CObjectSP.cpp">
      <Filter>Server Objects</Filter>
    </ClCompile>
    <ClCompile Include="CPledge.cpp">
      <Filter>Server Objects</Filter>
    </ClCompile>
    <ClCompile Include="CSharedCreatureData.cpp">
      <Filter>Server Objects</Filter>
    </ClCompile>
    <ClCompile Include="CSharedPledgeData.cpp">
      <Filter>Server Objects</Filter>
    </ClCompile>
    <ClCompile Include="CSocket.cpp">
      <Filter>Server Objects</Filter>
    </ClCompile>
    <ClCompile Include="CTrade.cpp">
      <Filter>Server Objects</Filter>
    </ClCompile>
    <ClCompile Include="CTradeManager.cpp">
      <Filter>Server Objects</Filter>
    </ClCompile>
    <ClCompile Include="CUser.cpp">
      <Filter>Server Objects</Filter>
    </ClCompile>
    <ClCompile Include="CUserExt.cpp">
      <Filter>Server Objects</Filter>
    </ClCompile>
    <ClCompile Include="CUserSocket.cpp">
      <Filter>Server Objects</Filter>
    </ClCompile>
    <ClCompile Include="CUserSocket_PacketHandler.cpp">
      <Filter>Server Objects</Filter>
    </ClCompile>
    <ClCompile Include="CUserSocket_PacketHandler2.cpp">
      <Filter>Server Objects</Filter>
    </ClCompile>
    <ClCompile Include="CUserSocketExt.cpp">
      <Filter>Server Objects</Filter>
    </ClCompile>
    <ClCompile Include="CWorldObject.cpp">
      <Filter>Server Objects</Filter>
    </ClCompile>
    <ClCompile Include="CYieldLock.cpp">
      <Filter>Server Objects</Filter>
    </ClCompile>
    <ClCompile Include="..\Shared\IniFile.cpp">
      <Filter>Utils</Filter>
    </ClCompile>
    <ClCompile Include="Vars.cpp">
      <Filter>Main Files</Filter>
    </ClCompile>
    <ClCompile Include="CUserOSIE.cpp">
      <Filter>Server Objects</Filter>
    </ClCompile>
    <ClCompile Include="CSocketPacket.cpp">
      <Filter>Server Objects</Filter>
    </ClCompile>
    <ClCompile Include="Level80System.cpp">
      <Filter>Server Objects</Filter>
    </ClCompile>
  </ItemGroup>
  <ItemGroup>
    <ClInclude Include="Config.h">
      <Filter>Main Files</Filter>
    </ClInclude>
    <ClInclude Include="OSIEGFS.h">
      <Filter>Main Files</Filter>
    </ClInclude>
    <ClInclude Include="stdafx.h">
      <Filter>Main Files</Filter>
    </ClInclude>
    <ClInclude Include="..\Shared\Enumerations.h">
      <Filter>Utils</Filter>
    </ClInclude>
    <ClInclude Include="..\Shared\Global.h">
      <Filter>Utils</Filter>
    </ClInclude>
    <ClInclude Include="..\Shared\Structures.h">
      <Filter>Utils</Filter>
    </ClInclude>
    <ClInclude Include="..\Shared\Utils.h">
      <Filter>Utils</Filter>
    </ClInclude>
    <ClInclude Include="CCreature.h">
      <Filter>Server Objects</Filter>
    </ClInclude>
    <ClInclude Include="CHTMLCache.h">
      <Filter>Server Objects</Filter>
    </ClInclude>
    <ClInclude Include="CHTMLCacheManager.h">
      <Filter>Server Objects</Filter>
    </ClInclude>
    <ClInclude Include="CIOCriticalSection.h">
      <Filter>Server Objects</Filter>
    </ClInclude>
    <ClInclude Include="CIOObject.h">
      <Filter>Server Objects</Filter>
    </ClInclude>
    <ClInclude Include="CIOSocket.h">
      <Filter>Server Objects</Filter>
    </ClInclude>
    <ClInclude Include="CIOSocket8.h">
      <Filter>Server Objects</Filter>
    </ClInclude>
    <ClInclude Include="CLog.h">
      <Filter>Server Objects</Filter>
    </ClInclude>
    <ClInclude Include="CMemoryObject.h">
      <Filter>Server Objects</Filter>
    </ClInclude>
    <ClInclude Include="CObject.h">
      <Filter>Server Objects</Filter>
    </ClInclude>
    <ClInclude Include="CObjectSP.h">
      <Filter>Server Objects</Filter>
    </ClInclude>
    <ClInclude Include="CPledge.h">
      <Filter>Server Objects</Filter>
    </ClInclude>
    <ClInclude Include="CSharedCreatureData.h">
      <Filter>Server Objects</Filter>
    </ClInclude>
    <ClInclude Include="CSharedPledgeData.h">
      <Filter>Server Objects</Filter>
    </ClInclude>
    <ClInclude Include="CSocket.h">
      <Filter>Server Objects</Filter>
    </ClInclude>
    <ClInclude Include="CTrade.h">
      <Filter>Server Objects</Filter>
    </ClInclude>
    <ClInclude Include="CTradeManager.h">
      <Filter>Server Objects</Filter>
    </ClInclude>
    <ClInclude Include="CUser.h">
      <Filter>Server Objects</Filter>
    </ClInclude>
    <ClInclude Include="CUserSocket.h">
      <Filter>Server Objects</Filter>
    </ClInclude>
    <ClInclude Include="CWorldObject.h">
      <Filter>Server Objects</Filter>
    </ClInclude>
    <ClInclude Include="CYieldLock.h">
      <Filter>Server Objects</Filter>
    </ClInclude>
    <ClInclude Include="..\Shared\IniFile.h">
      <Filter>Utils</Filter>
    </ClInclude>
    <ClInclude Include="Vars.h">
      <Filter>Main Files</Filter>
    </ClInclude>
    <ClInclude Include="Level80System.h">
      <Filter>Server Objects</Filter>
    </ClInclude>
  </ItemGroup>
  <ItemGroup>
    <MASM_x64 Include="GlobalFunctions.asm">
      <Filter>Main Files</Filter>
    </MASM_x64>
  </ItemGroup>
</Project>